
Microsoft Visual Studio Solution File, Format Version 12.00
# Visual Studio Version 16
VisualStudioVersion = 16.0.30611.23
MinimumVisualStudioVersion = 10.0.40219.1
Project("{FAE04EC0-301F-11D3-BF4B-00C04F79EFBC}") = "RegistroAgenda", "RegistroAgenda.csproj", "{7D1E5A99-ECBE-44D2-AF44-51D512A97760}"
EndProject
Global
	GlobalSection(SolutionConfigurationPlatforms) = preSolution
		Debug|Any CPU = Debug|Any CPU
		Release|Any CPU = Release|Any CPU
	EndGlobalSection
	GlobalSection(ProjectConfigurationPlatforms) = postSolution
		{7D1E5A99-ECBE-44D2-AF44-51D512A97760}.Debug|Any CPU.ActiveCfg = Debug|Any CPU
		{7D1E5A99-ECBE-44D2-AF44-51D512A97760}.Debug|Any CPU.Build.0 = Debug|Any CPU
		{7D1E5A99-ECBE-44D2-AF44-51D512A97760}.Release|Any CPU.ActiveCfg = Release|Any CPU
		{7D1E5A99-ECBE-44D2-AF44-51D512A97760}.Release|Any CPU.Build.0 = Release|Any CPU
	EndGlobalSection
	GlobalSection(SolutionProperties) = preSolution
		HideSolutionNode = FALSE
	EndGlobalSection
	GlobalSection(ExtensibilityGlobals) = postSolution
		SolutionGuid = {D25F696F-902B-4837-AE51-3E22C1EA5E61}
	EndGlobalSection
EndGlobal
